{
  "lockfile_version": "1",
  "packages": {
    "github:NixOS/nixpkgs/nixpkgs-unstable": {
      "last_modified": "2026-10-05T00:52:30Z",
      "resolved": "github:NixOS/nixpkgs/8c6b39505383e6d5dcb431f00cb3597b71f8045c?lastModified=1791161550&narHash=sha256-hUcT0jKmSHN5XgRW3sSEIIlqsVClkVfToluYtOd56ok%3D"
    },
    "php85Extensions.opentelemetry@1.3.1": {
      "last_modified": "2026-10-04T16:11:07Z",
      "resolved": "github:NixOS/nixpkgs/9013764fcc0ea99fa16cf7aa7decf8a5c3889dd2#php85Extensions.opentelemetry",
      "source": "devbox-search",
      "version": "1.3.1",
      "systems": {
        "aarch64-darwin": {
          "outputs": [
            {
              "name": "out",
              "path": "/nix/store/n879135swyfmkshzg07cxgcb2fr7xa2l-php-opentelemetry-1.3.1",
              "default": true
            }
          ],
          "store_path": "/nix/store/n879135swyfmkshzg07cxgcb2fr7xa2l-php-opentelemetry-1.3.1"
        },
        "aarch64-linux": {
          "outputs": [
            {
              "name": "out",
              "path": "/nix/store/5kl0l2cbsi40j2i6ch6cblzhy6aqsn1j-php-opentelemetry-1.3.1",
              "default": true
            }
          ],
          "store_path": "/nix/store/5kl0l2cbsi40j2i6ch6cblzhy6aqsn1j-php-opentelemetry-1.3.1"
        },
        "x86_64-darwin": {
          "outputs": [
            {
              "name": "out",
              "path": "/nix/store/i1wywy4401kjb49n60r6wf9zi338y01m-php-opentelemetry-1.3.1",
              "default": true
            }
          ],
          "store_path": "/nix/store/i1wywy4401kjb49n60r6wf9zi338y01m-php-opentelemetry-1.3.1"
        },
        "x86_64-linux": {
          "outputs": [
            {
              "name": "out",
              "path": "/nix/store/7a19s4jvwgfhh6k381c5i98912wh65dk-php-opentelemetry-1.3.1",
              "default": true
            }
          ],
          "store_path": "/nix/store/7a19s4jvwgfhh6k381c5i98912wh65dk-php-opentelemetry-1.3.1"
        }
      }
    },
    "php85Extensions.xdebug@3.5.3": {
      "last_modified": "2026-10-04T16:11:07Z",
      "resolved": "github:NixOS/nixpkgs/9013764fcc0ea99fa16cf7aa7decf8a5c3889dd2#php85Extensions.xdebug",
      "source": "devbox-search",
      "version": "3.5.3",
      "systems": {
        "aarch64-darwin": {
          "outputs": [
            {
              "name": "out",
              "path": "/nix/store/h2b3sz5irbi976bq0asbanvxvfql22d6-php-xdebug-3.5.3",
              "default": true
            }
          ],
          "store_path": "/nix/store/h2b3sz5irbi976bq0asbanvxvfql22d6-php-xdebug-3.5.3"
        },
        "aarch64-linux": {
          "outputs": [
            {
              "name": "out",
              "path": "/nix/store/l4nrlnspswi1qqfsfwg6hg4f415g65fg-php-xdebug-3.5.3",
              "default": true
            }
          ],
          "store_path": "/nix/store/l4nrlnspswi1qqfsfwg6hg4f415g65fg-php-xdebug-3.5.3"
        },
        "x86_64-darwin": {
          "outputs": [
            {
              "name": "out",
              "path": "/nix/store/579lplljlnnn36909n7iy64n1k0dhg1a-php-xdebug-3.5.3",
              "default": true
            }
          ],
          "store_path": "/nix/store/579lplljlnnn36909n7iy64n1k0dhg1a-php-xdebug-3.5.3"
        },
        "x86_64-linux": {
          "outputs": [
            {
              "name": "out",
              "path": "/nix/store/5fdw48qya3yl4jm8a1dnqzdhivl7dpdv-php-xdebug-3.5.3",
              "default": true
            }
          ],
          "store_path": "/nix/store/5fdw48qya3yl4jm8a1dnqzdhivl7dpdv-php-xdebug-3.5.3"
        }
      }
    },
    "php@8.5.9": {
      "last_modified": "2026-08-01T16:34:20Z",
      "plugin_version": "0.0.4",
      "resolved": "github:NixOS/nixpkgs/a5cbcfe954791221bfffe2307f7d1a1bf61a871e#php85",
      "source": "devbox-search",
      "version": "8.5.9",
      "systems": {
        "aarch64-darwin": {
          "outputs": [
            {
              "name": "out",
              "path": "/nix/store/aq2b871asvyc1c9fak7zpw945bjwa4yx-php-with-extensions-8.5.9",
              "default": true
            }
          ],
          "store_path": "/nix/store/aq2b871asvyc1c9fak7zpw945bjwa4yx-php-with-extensions-8.5.9"
        },
        "aarch64-linux": {
          "outputs": [
            {
              "name": "out",
              "path": "/nix/store/f3ffppblva9p3x8rm0z20lwsl2fdvxjp-php-with-extensions-8.5.9",
              "default": true
            }
          ],
          "store_path": "/nix/store/f3ffppblva9p3x8rm0z20lwsl2fdvxjp-php-with-extensions-8.5.9"
        },
        "x86_64-linux": {
          "outputs": [
            {
              "name": "out",
              "path": "/nix/store/fnyn2d9jh1cc2ggzb6sc6k1n85yypibg-php-with-extensions-8.5.9",
              "default": true
            }
          ],
          "store_path": "/nix/store/fnyn2d9jh1cc2ggzb6sc6k1n85yypibg-php-with-extensions-8.5.9"
        }
      }
    }
  }
}
